
Microsoft Visual Studio Solution File, Format Version 12.00
# Visual Studio Version 17
VisualStudioVersion = 17.6.33829.357
MinimumVisualStudioVersion = 10.0.40219.1
Project("{FAE04EC0-301F-11D3-BF4B-00C04F79EFBC}") = "EZTech", "EZTech.csproj", "{C91DF4B6-7807-493B-B5FC-49771CBBF12D}"
EndProject
Global
	GlobalSection(SolutionConfigurationPlatforms) = preSolution
		Debug|Any CPU = Debug|Any CPU
		Release|Any CPU = Release|Any CPU
	EndGlobalSection
	GlobalSection(ProjectConfigurationPlatforms) = postSolution
		{C91DF4B6-7807-493B-B5FC-49771CBBF12D}.Debug|Any CPU.ActiveCfg = Debug|Any CPU
		{C91DF4B6-7807-493B-B5FC-49771CBBF12D}.Debug|Any CPU.Build.0 = Debug|Any CPU
		{C91DF4B6-7807-493B-B5FC-49771CBBF12D}.Release|Any CPU.ActiveCfg = Release|Any CPU
		{C91DF4B6-7807-493B-B5FC-49771CBBF12D}.Release|Any CPU.Build.0 = Release|Any CPU
	EndGlobalSection
	GlobalSection(SolutionProperties) = preSolution
		HideSolutionNode = FALSE
	EndGlobalSection
	GlobalSection(ExtensibilityGlobals) = postSolution
		SolutionGuid = {F8AC94FB-A3E8-45A5-A6D1-BEA3C6265DD9}
	EndGlobalSection
EndGlobal
